
Microsoft Visual Studio Solution File, Format Version 12.00
# Visual Studio Version 17
VisualStudioVersion = 17.13.35931.197 d17.13
MinimumVisualStudioVersion = 10.0.40219.1
Project("{FAE04EC0-301F-11D3-BF4B-00C04F79EFBC}") = "workshop2", "workshop2.csproj", "{92AB92EF-14F9-4948-90F9-BDE0D3B57C63}"
EndProject
Global
	GlobalSection(SolutionConfigurationPlatforms) = preSolution
		Debug|Any CPU = Debug|Any CPU
		Release|Any CPU = Release|Any CPU
	EndGlobalSection
	GlobalSection(ProjectConfigurationPlatforms) = postSolution
		{92AB92EF-14F9-4948-90F9-BDE0D3B57C63}.Debug|Any CPU.ActiveCfg = Debug|Any CPU
		{92AB92EF-14F9-4948-90F9-BDE0D3B57C63}.Debug|Any CPU.Build.0 = Debug|Any CPU
		{92AB92EF-14F9-4948-90F9-BDE0D3B57C63}.Release|Any CPU.ActiveCfg = Release|Any CPU
		{92AB92EF-14F9-4948-90F9-BDE0D3B57C63}.Release|Any CPU.Build.0 = Release|Any CPU
	EndGlobalSection
	GlobalSection(SolutionProperties) = preSolution
		HideSolutionNode = FALSE
	EndGlobalSection
	GlobalSection(ExtensibilityGlobals) = postSolution
		SolutionGuid = {A6BAFE9E-595E-416E-B0D0-7505B8024A0D}
	EndGlobalSection
EndGlobal
